# THIS IS AN AUTOGENERATED FILE. DO NOT EDIT THIS FILE DIRECTLY.
# yarn lockfile v1


c3@^0.4.11:
  version "0.4.11"
  resolved "https://registry.yarnpkg.com/c3/-/c3-0.4.11.tgz#3f2b6c7bd33577a3473dd61176735565b4d0f3ce"
  dependencies:
    d3 "~3.5.0"

d3@~3.5.0:
  version "3.5.17"
  resolved "https://registry.yarnpkg.com/d3/-/d3-3.5.17.tgz#bc46748004378b21a360c9fc7cf5231790762fb8"

headjs@^1.0.3:
  version "1.0.3"
  resolved "https://registry.yarnpkg.com/headjs/-/headjs-1.0.3.tgz#b368ebbfa8b6c3961c1a33105ec811d54dd8783f"

reveal.js@^4.3.0:
  version "4.3.0"
  resolved "https://registry.yarnpkg.com/reveal.js/-/reveal.js-4.3.0.tgz#6fe91cc84de2e286f039545cb596dbc4d0d52294"
